
Microsoft Visual Studio Solution File, Format Version 12.00
# Visual Studio Version 16
VisualStudioVersion = 16.0.30413.136
MinimumVisualStudioVersion = 10.0.40219.1
Project("{FAE04EC0-301F-11D3-BF4B-00C04F79EFBC}") = "Furret2", "Furret2\Furret2.csproj", "{84C90202-3D4E-4CF3-AC95-2E1E8893B42B}"
EndProject
Global
	GlobalSection(SolutionConfigurationPlatforms) = preSolution
		Debug|Any CPU = Debug|Any CPU
		Release|Any CPU = Release|Any CPU
	EndGlobalSection
	GlobalSection(ProjectConfigurationPlatforms) = postSolution
		{84C90202-3D4E-4CF3-AC95-2E1E8893B42B}.Debug|Any CPU.ActiveCfg = Debug|Any CPU
		{84C90202-3D4E-4CF3-AC95-2E1E8893B42B}.Debug|Any CPU.Build.0 = Debug|Any CPU
		{84C90202-3D4E-4CF3-AC95-2E1E8893B42B}.Release|Any CPU.ActiveCfg = Release|Any CPU
		{84C90202-3D4E-4CF3-AC95-2E1E8893B42B}.Release|Any CPU.Build.0 = Release|Any CPU
	EndGlobalSection
	GlobalSection(SolutionProperties) = preSolution
		HideSolutionNode = FALSE
	EndGlobalSection
	GlobalSection(ExtensibilityGlobals) = postSolution
		SolutionGuid = {38DAE540-AB65-449A-9582-C9143E77396E}
	EndGlobalSection
EndGlobal
